Microsoft Visual Studio Solution File, Format Version 12.00
# Visual Studio Version 17
VisualStudioVersion = 17.8.34330.188
MinimumVisualStudioVersion = 10.0.40219.1
Project("{2150E333-8FDC-42A3-9474-1A3956D46DE8}") = "items", "items", "{3DD475D4-DE0F-49D6-BFB1-807661F174D3}"
	ProjectSection(SolutionItems) = preProject
		.editorconfig = .editorconfig
		Directory.Build.props = Directory.Build.props
	EndProjectSection
EndProject
Project("{9A19103F-16F7-4668-BE54-9A1E7A4F7556}") = "Bible.Crawler.Abstractions", "Bible.Crawler.Abstractions\Bible.Crawler.Abstractions.csproj", "{3AC96AA1-9BA4-41EF-AB6C-7620D81AC530}"
EndProject
Project("{FAE04EC0-301F-11D3-BF4B-00C04F79EFBC}") = "Bible.Crawler", "Bible.Crawler\Bible.Crawler.csproj", "{119E0EA3-640A-4DDD-9C69-BE9F7D0D5BD5}"
EndProject
Project("{2150E333-8FDC-42A3-9474-1A3956D46DE8}") = "test", "test", "{02A3E5D5-215D-4209-9B82-99351C841DB1}"
EndProject
Project("{FAE04EC0-301F-11D3-BF4B-00C04F79EFBC}") = "Bible.Crawler.Tests", "Bible.Crawler.Tests\Bible.Crawler.Tests.csproj", "{E14B8988-D1EE-4533-9886-C914BC7AD4C1}"
EndProject
Global
	GlobalSection(SolutionConfigurationPlatforms) = preSolution
		Debug|Any CPU = Debug|Any CPU
		Release|Any CPU = Release|Any CPU
	EndGlobalSection
	GlobalSection(ProjectConfigurationPlatforms) = postSolution
		{3AC96AA1-9BA4-41EF-AB6C-7620D81AC530}.Debug|Any CPU.ActiveCfg = Debug|Any CPU
		{3AC96AA1-9BA4-41EF-AB6C-7620D81AC530}.Debug|Any CPU.Build.0 = Debug|Any CPU
		{3AC96AA1-9BA4-41EF-AB6C-7620D81AC530}.Release|Any CPU.ActiveCfg = Release|Any CPU
		{3AC96AA1-9BA4-41EF-AB6C-7620D81AC530}.Release|Any CPU.Build.0 = Release|Any CPU
		{119E0EA3-640A-4DDD-9C69-BE9F7D0D5BD5}.Debug|Any CPU.ActiveCfg = Debug|Any CPU
		{119E0EA3-640A-4DDD-9C69-BE9F7D0D5BD5}.Debug|Any CPU.Build.0 = Debug|Any CPU
		{119E0EA3-640A-4DDD-9C69-BE9F7D0D5BD5}.Release|Any CPU.ActiveCfg = Release|Any CPU
		{119E0EA3-640A-4DDD-9C69-BE9F7D0D5BD5}.Release|Any CPU.Build.0 = Release|Any CPU
		{E14B8988-D1EE-4533-9886-C914BC7AD4C1}.Debug|Any CPU.ActiveCfg = Debug|Any CPU
		{E14B8988-D1EE-4533-9886-C914BC7AD4C1}.Debug|Any CPU.Build.0 = Debug|Any CPU
		{E14B8988-D1EE-4533-9886-C914BC7AD4C1}.Release|Any CPU.ActiveCfg = Release|Any CPU
		{E14B8988-D1EE-4533-9886-C914BC7AD4C1}.Release|Any CPU.Build.0 = Release|Any CPU
	EndGlobalSection
	GlobalSection(SolutionProperties) = preSolution
		HideSolutionNode = FALSE
	EndGlobalSection
	GlobalSection(NestedProjects) = preSolution
		{E14B8988-D1EE-4533-9886-C914BC7AD4C1} = {02A3E5D5-215D-4209-9B82-99351C841DB1}
	EndGlobalSection
	GlobalSection(ExtensibilityGlobals) = postSolution
		SolutionGuid = {F111928B-2D89-40AC-9FC5-4E07CDEE5593}
	EndGlobalSection
EndGlobal
